// !$*UTF8*$!
{
	archiveVersion = 1;
	classes = {
	};
	objectVersion = 50;
	objects = {

/* Begin PBXBuildFile section */
		0DADAE9C222AEE2B000C0FEA /* AppDelegate.swift in Sources */ = {isa = PBXBuildFile; fileRef = 0DADAE9B222AEE2B000C0FEA /* AppDelegate.swift */; };
		0DADAEA3222AEE2E000C0FEA /* Assets.xcassets in Resources */ = {isa = PBXBuildFile; fileRef = 0DADAEA2222AEE2E000C0FEA /* Assets.xcassets */; };
		0DADAEA6222AEE2E000C0FEA /* LaunchScreen.storyboard in Resources */ = {isa = PBXBuildFile; fileRef = 0DADAEA4222AEE2E000C0FEA /* LaunchScreen.storyboard */; };
		0DADAEAE222AF0C3000C0FEA /* data.json in Resources */ = {isa = PBXBuildFile; fileRef = 0DADAEAD222AF0C3000C0FEA /* data.json */; };
		0DADAEBD222AF2D3000C0FEA /* Coordinator.swift in Sources */ = {isa = PBXBuildFile; fileRef = 0DADAEBC222AF2D3000C0FEA /* Coordinator.swift */; };
		0DADAEC1222AF346000C0FEA /* RootViewController.swift in Sources */ = {isa = PBXBuildFile; fileRef = 0DADAEC0222AF346000C0FEA /* RootViewController.swift */; };
		0DADAEC3222AF382000C0FEA /* RootCoordinator.swift in Sources */ = {isa = PBXBuildFile; fileRef = 0DADAEC2222AF382000C0FEA /* RootCoordinator.swift */; };
/* End PBXBuildFile section */

/* Begin PBXFileReference section */
		0DADAE98222AEE2B000C0FEA /* resume.app */ = {isa = PBXFileReference; explicitFileType = wrapper.application; includeInIndex = 0; path = resume.app; sourceTree = BUILT_PRODUCTS_DIR; };
		0DADAE9B222AEE2B000C0FEA /* AppDelegate.swift */ = {isa = PBXFileReference; lastKnownFileType = sourcecode.swift; path = AppDelegate.swift; sourceTree = "<group>"; };
		0DADAEA2222AEE2E000C0FEA /* Assets.xcassets */ = {isa = PBXFileReference; lastKnownFileType = folder.assetcatalog; path = Assets.xcassets; sourceTree = "<group>"; };
		0DADAEA5222AEE2E000C0FEA /* Base */ = {isa = PBXFileReference; lastKnownFileType = file.storyboard; name = Base; path = Base.lproj/LaunchScreen.storyboard; sourceTree = "<group>"; };
		0DADAEA7222AEE2E000C0FEA /* Info.plist */ = {isa = PBXFileReference; lastKnownFileType = text.plist.xml; path = Info.plist; sourceTree = "<group>"; };
		0DADAEAD222AF0C3000C0FEA /* data.json */ = {isa = PBXFileReference; lastKnownFileType = text.json; path = data.json; sourceTree = "<group>"; };
		0DADAEBC222AF2D3000C0FEA /* Coordinator.swift */ = {isa = PBXFileReference; lastKnownFileType = sourcecode.swift; path = Coordinator.swift; sourceTree = "<group>"; };
		0DADAEC0222AF346000C0FEA /* RootViewController.swift */ = {isa = PBXFileReference; lastKnownFileType = sourcecode.swift; path = RootViewController.swift; sourceTree = "<group>"; };
		0DADAEC2222AF382000C0FEA /* RootCoordinator.swift */ = {isa = PBXFileReference; lastKnownFileType = sourcecode.swift; path = RootCoordinator.swift; sourceTree = "<group>"; };
/* End PBXFileReference section */

/* Begin PBXFrameworksBuildPhase section */
		0DADAE95222AEE2B000C0FEA /* Frameworks */ = {
			isa = PBXFrameworksBuildPhase;
			buildActionMask = 2147483647;
			files = (
			);
			runOnlyForDeploymentPostprocessing = 0;
		};
/* End PBXFrameworksBuildPhase section */

/* Begin PBXGroup section */
		0DADAE8F222AEE2B000C0FEA = {
			isa = PBXGroup;
			children = (
				0DADAE9A222AEE2B000C0FEA /* resume */,
				0DADAE99222AEE2B000C0FEA /* Products */,
			);
			sourceTree = "<group>";
		};
		0DADAE99222AEE2B000C0FEA /* Products */ = {
			isa = PBXGroup;
			children = (
				0DADAE98222AEE2B000C0FEA /* resume.app */,
			);
			name = Products;
			sourceTree = "<group>";
		};
		0DADAE9A222AEE2B000C0FEA /* resume */ = {
			isa = PBXGroup;
			children = (
				0DADAEB2222AF1F4000C0FEA /* Delegates */,
				0DADAEB3222AF206000C0FEA /* Models */,
				0DADAEB7222AF27D000C0FEA /* Modules */,
				0DADAEB8222AF28B000C0FEA /* Protocols */,
				0DADAEB0222AF1DD000C0FEA /* Resources */,
				0DADAEB1222AF1EC000C0FEA /* Support */,
			);
			path = resume;
			sourceTree = "<group>";
		};
		0DADAEB0222AF1DD000C0FEA /* Resources */ = {
			isa = PBXGroup;
			children = (
				0DADAEB5222AF227000C0FEA /* Data */,
				0DADAEB4222AF21F000C0FEA /* Media */,
				0DADAEB6222AF232000C0FEA /* StoryBoards */,
			);
			path = Resources;
			sourceTree = "<group>";
		};
		0DADAEB1222AF1EC000C0FEA /* Support */ = {
			isa = PBXGroup;
			children = (
				0DADAEA7222AEE2E000C0FEA /* Info.plist */,
			);
			path = Support;
			sourceTree = "<group>";
		};
		0DADAEB2222AF1F4000C0FEA /* Delegates */ = {
			isa = PBXGroup;
			children = (
				0DADAE9B222AEE2B000C0FEA /* AppDelegate.swift */,
			);
			path = Delegates;
			sourceTree = "<group>";
		};
		0DADAEB3222AF206000C0FEA /* Models */ = {
			isa = PBXGroup;
			children = (
			);
			path = Models;
			sourceTree = "<group>";
		};
		0DADAEB4222AF21F000C0FEA /* Media */ = {
			isa = PBXGroup;
			children = (
				0DADAEA2222AEE2E000C0FEA /* Assets.xcassets */,
			);
			path = Media;
			sourceTree = "<group>";
		};
		0DADAEB5222AF227000C0FEA /* Data */ = {
			isa = PBXGroup;
			children = (
				0DADAEAD222AF0C3000C0FEA /* data.json */,
			);
			path = Data;
			sourceTree = "<group>";
		};
		0DADAEB6222AF232000C0FEA /* StoryBoards */ = {
			isa = PBXGroup;
			children = (
				0DADAEA4222AEE2E000C0FEA /* LaunchScreen.storyboard */,
			);
			path = StoryBoards;
			sourceTree = "<group>";
		};
		0DADAEB7222AF27D000C0FEA /* Modules */ = {
			isa = PBXGroup;
			children = (
				0DADAEBA222AF29B000C0FEA /* Base */,
				0DADAEBB222AF2A6000C0FEA /* Main */,
				0DADAEB9222AF295000C0FEA /* Root */,
			);
			path = Modules;
			sourceTree = "<group>";
		};
		0DADAEB8222AF28B000C0FEA /* Protocols */ = {
			isa = PBXGroup;
			children = (
				0DADAEBC222AF2D3000C0FEA /* Coordinator.swift */,
			);
			path = Protocols;
			sourceTree = "<group>";
		};
		0DADAEB9222AF295000C0FEA /* Root */ = {
			isa = PBXGroup;
			children = (
				0DADAEBF222AF335000C0FEA /* Controller */,
				0DADAEBE222AF32F000C0FEA /* Coordinator */,
			);
			path = Root;
			sourceTree = "<group>";
		};
		0DADAEBA222AF29B000C0FEA /* Base */ = {
			isa = PBXGroup;
			children = (
			);
			path = Base;
			sourceTree = "<group>";
		};
		0DADAEBB222AF2A6000C0FEA /* Main */ = {
			isa = PBXGroup;
			children = (
			);
			path = Main;
			sourceTree = "<group>";
		};
		0DADAEBE222AF32F000C0FEA /* Coordinator */ = {
			isa = PBXGroup;
			children = (
				0DADAEC2222AF382000C0FEA /* RootCoordinator.swift */,
			);
			path = Coordinator;
			sourceTree = "<group>";
		};
		0DADAEBF222AF335000C0FEA /* Controller */ = {
			isa = PBXGroup;
			children = (
				0DADAEC0222AF346000C0FEA /* RootViewController.swift */,
			);
			path = Controller;
			sourceTree = "<group>";
		};
/* End PBXGroup section */

/* Begin PBXNativeTarget section */
		0DADAE97222AEE2B000C0FEA /* resume */ = {
			isa = PBXNativeTarget;
			buildConfigurationList = 0DADAEAA222AEE2E000C0FEA /* Build configuration list for PBXNativeTarget "resume" */;
			buildPhases = (
				0DADAE94222AEE2B000C0FEA /* Sources */,
				0DADAE95222AEE2B000C0FEA /* Frameworks */,
				0DADAE96222AEE2B000C0FEA /* Resources */,
			);
			buildRules = (
			);
			dependencies = (
			);
			name = resume;
			productName = resume;
			productReference = 0DADAE98222AEE2B000C0FEA /* resume.app */;
			productType = "com.apple.product-type.application";
		};
/* End PBXNativeTarget section */

/* Begin PBXProject section */
		0DADAE90222AEE2B000C0FEA /* Project object */ = {
			isa = PBXProject;
			attributes = {
				LastSwiftUpdateCheck = 1010;
				LastUpgradeCheck = 1010;
				ORGANIZATIONNAME = mertahmetgunes;
				TargetAttributes = {
					0DADAE97222AEE2B000C0FEA = {
						CreatedOnToolsVersion = 10.1;
					};
				};
			};
			buildConfigurationList = 0DADAE93222AEE2B000C0FEA /* Build configuration list for PBXProject "resume" */;
			compatibilityVersion = "Xcode 9.3";
			developmentRegion = en;
			hasScannedForEncodings = 0;
			knownRegions = (
				en,
				Base,
			);
			mainGroup = 0DADAE8F222AEE2B000C0FEA;
			productRefGroup = 0DADAE99222AEE2B000C0FEA /* Products */;
			projectDirPath = "";
			projectRoot = "";
			targets = (
				0DADAE97222AEE2B000C0FEA /* resume */,
			);
		};
/* End PBXProject section */

/* Begin PBXResourcesBuildPhase section */
		0DADAE96222AEE2B000C0FEA /* Resources */ = {
			isa = PBXResourcesBuildPhase;
			buildActionMask = 2147483647;
			files = (
				0DADAEA6222AEE2E000C0FEA /* LaunchScreen.storyboard in Resources */,
				0DADAEA3222AEE2E000C0FEA /* Assets.xcassets in Resources */,
				0DADAEAE222AF0C3000C0FEA /* data.json in Resources */,
			);
			runOnlyForDeploymentPostprocessing = 0;
		};
/* End PBXResourcesBuildPhase section */

/* Begin PBXSourcesBuildPhase section */
		0DADAE94222AEE2B000C0FEA /* Sources */ = {
			isa = PBXSourcesBuildPhase;
			buildActionMask = 2147483647;
			files = (
				0DADAEC3222AF382000C0FEA /* RootCoordinator.swift in Sources */,
				0DADAEBD222AF2D3000C0FEA /* Coordinator.swift in Sources */,
				0DADAE9C222AEE2B000C0FEA /* AppDelegate.swift in Sources */,
				0DADAEC1222AF346000C0FEA /* RootViewController.swift in Sources */,
			);
			runOnlyForDeploymentPostprocessing = 0;
		};
/* End PBXSourcesBuildPhase section */

/* Begin PBXVariantGroup section */
		0DADAEA4222AEE2E000C0FEA /* LaunchScreen.storyboard */ = {
			isa = PBXVariantGroup;
			children = (
				0DADAEA5222AEE2E000C0FEA /* Base */,
			);
			name = LaunchScreen.storyboard;
			sourceTree = "<group>";
		};
/* End PBXVariantGroup section */

/* Begin XCBuildConfiguration section */
		0DADAEA8222AEE2E000C0FEA /* Debug */ = {
			isa = XCBuildConfiguration;
			buildSettings = {
				ALWAYS_SEARCH_USER_PATHS = NO;
				CLANG_ANALYZER_NONNULL = YES;
				CLANG_ANALYZER_NUMBER_OBJECT_CONVERSION = YES_AGGRESSIVE;
				CLANG_CXX_LANGUAGE_STANDARD = "gnu++14";
				CLANG_CXX_LIBRARY = "libc++";
				CLANG_ENABLE_MODULES = YES;
				CLANG_ENABLE_OBJC_ARC = YES;
				CLANG_ENABLE_OBJC_WEAK = YES;
				CLANG_WARN_BLOCK_CAPTURE_AUTORELEASING = YES;
				CLANG_WARN_BOOL_CONVERSION = YES;
				CLANG_WARN_COMMA = YES;
				CLANG_WARN_CONSTANT_CONVERSION = YES;
				CLANG_WARN_DEPRECATED_OBJC_IMPLEMENTATIONS = YES;
				CLANG_WARN_DIRECT_OBJC_ISA_USAGE = YES_ERROR;
				CLANG_WARN_DOCUMENTATION_COMMENTS = YES;
				CLANG_WARN_EMPTY_BODY = YES;
				CLANG_WARN_ENUM_CONVERSION = YES;
				CLANG_WARN_INFINITE_RECURSION = YES;
				CLANG_WARN_INT_CONVERSION = YES;
				CLANG_WARN_NON_LITERAL_NULL_CONVERSION = YES;
				CLANG_WARN_OBJC_IMPLICIT_RETAIN_SELF = YES;
				CLANG_WARN_OBJC_LITERAL_CONVERSION = YES;
				CLANG_WARN_OBJC_ROOT_CLASS = YES_ERROR;
				CLANG_WARN_RANGE_LOOP_ANALYSIS = YES;
				CLANG_WARN_STRICT_PROTOTYPES = YES;
				CLANG_WARN_SUSPICIOUS_MOVE = YES;
				CLANG_WARN_UNGUARDED_AVAILABILITY = YES_AGGRESSIVE;
				CLANG_WARN_UNREACHABLE_CODE = YES;
				CLANG_WARN__DUPLICATE_METHOD_MATCH = YES;
				CODE_SIGN_IDENTITY = "iPhone Developer";
				COPY_PHASE_STRIP = NO;
				DEBUG_INFORMATION_FORMAT = dwarf;
				ENABLE_STRICT_OBJC_MSGSEND = YES;
				ENABLE_TESTABILITY = YES;
				GCC_C_LANGUAGE_STANDARD = gnu11;
				GCC_DYNAMIC_NO_PIC = NO;
				GCC_NO_COMMON_BLOCKS = YES;
				GCC_OPTIMIZATION_LEVEL = 0;
				GCC_PREPROCESSOR_DEFINITIONS = (
					"DEBUG=1",
					"$(inherited)",
				);
				GCC_WARN_64_TO_32_BIT_CONVERSION = YES;
				GCC_WARN_ABOUT_RETURN_TYPE = YES_ERROR;
				GCC_WARN_UNDECLARED_SELECTOR = YES;
				GCC_WARN_UNINITIALIZED_AUTOS = YES_AGGRESSIVE;
				GCC_WARN_UNUSED_FUNCTION = YES;
				GCC_WARN_UNUSED_VARIABLE = YES;
				IPHONEOS_DEPLOYMENT_TARGET = 12.1;
				MTL_ENABLE_DEBUG_INFO = INCLUDE_SOURCE;
				MTL_FAST_MATH = YES;
				ONLY_ACTIVE_ARCH = YES;
				SDKROOT = iphoneos;
				SWIFT_ACTIVE_COMPILATION_CONDITIONS = DEBUG;
				SWIFT_OPTIMIZATION_LEVEL = "-Onone";
			};
			name = Debug;
		};
		0DADAEA9222AEE2E000C0FEA /* Release */ = {
			isa = XCBuildConfiguration;
			buildSettings = {
				ALWAYS_SEARCH_USER_PATHS = NO;
				CLANG_ANALYZER_NONNULL = YES;
				CLANG_ANALYZER_NUMBER_OBJECT_CONVERSION = YES_AGGRESSIVE;
				CLANG_CXX_LANGUAGE_STANDARD = "gnu++14";
				CLANG_CXX_LIBRARY = "libc++";
				CLANG_ENABLE_MODULES = YES;
				CLANG_ENABLE_OBJC_ARC = YES;
				CLANG_ENABLE_OBJC_WEAK = YES;
				CLANG_WARN_BLOCK_CAPTURE_AUTORELEASING = YES;
				CLANG_WARN_BOOL_CONVERSION = YES;
				CLANG_WARN_COMMA = YES;
				CLANG_WARN_CONSTANT_CONVERSION = YES;
				CLANG_WARN_DEPRECATED_OBJC_IMPLEMENTATIONS = YES;
				CLANG_WARN_DIRECT_OBJC_ISA_USAGE = YES_ERROR;
				CLANG_WARN_DOCUMENTATION_COMMENTS = YES;
				CLANG_WARN_EMPTY_BODY = YES;
				CLANG_WARN_ENUM_CONVERSION = YES;
				CLANG_WARN_INFINITE_RECURSION = YES;
				CLANG_WARN_INT_CONVERSION = YES;
				CLANG_WARN_NON_LITERAL_NULL_CONVERSION = YES;
				CLANG_WARN_OBJC_IMPLICIT_RETAIN_SELF = YES;
				CLANG_WARN_OBJC_LITERAL_CONVERSION = YES;
				CLANG_WARN_OBJC_ROOT_CLASS = YES_ERROR;
				CLANG_WARN_RANGE_LOOP_ANALYSIS = YES;
				CLANG_WARN_STRICT_PROTOTYPES = YES;
				CLANG_WARN_SUSPICIOUS_MOVE = YES;
				CLANG_WARN_UNGUARDED_AVAILABILITY = YES_AGGRESSIVE;
				CLANG_WARN_UNREACHABLE_CODE = YES;
				CLANG_WARN__DUPLICATE_METHOD_MATCH = YES;
				CODE_SIGN_IDENTITY = "iPhone Developer";
				COPY_PHASE_STRIP = NO;
				DEBUG_INFORMATION_FORMAT = "dwarf-with-dsym";
				ENABLE_NS_ASSERTIONS = NO;
				ENABLE_STRICT_OBJC_MSGSEND = YES;
				GCC_C_LANGUAGE_STANDARD = gnu11;
				GCC_NO_COMMON_BLOCKS = YES;
				GCC_WARN_64_TO_32_BIT_CONVERSION = YES;
				GCC_WARN_ABOUT_RETURN_TYPE = YES_ERROR;
				GCC_WARN_UNDECLARED_SELECTOR = YES;
				GCC_WARN_UNINITIALIZED_AUTOS = YES_AGGRESSIVE;
				GCC_WARN_UNUSED_FUNCTION = YES;
				GCC_WARN_UNUSED_VARIABLE = YES;
				IPHONEOS_DEPLOYMENT_TARGET = 12.1;
				MTL_ENABLE_DEBUG_INFO = NO;
				MTL_FAST_MATH = YES;
				SDKROOT = iphoneos;
				SWIFT_COMPILATION_MODE = wholemodule;
				SWIFT_OPTIMIZATION_LEVEL = "-O";
				VALIDATE_PRODUCT = YES;
			};
			name = Release;
		};
		0DADAEAB222AEE2E000C0FEA /* Debug */ = {
			isa = XCBuildConfiguration;
			buildSettings = {
				ASSETCATALOG_COMPILER_APPICON_NAME = AppIcon;
				CODE_SIGN_STYLE = Automatic;
				DEVELOPMENT_TEAM = E6K2WVN974;
				INFOPLIST_FILE = "$(SRCROOT)/resume/Support/Info.plist";
				IPHONEOS_DEPLOYMENT_TARGET = 11.0;
				LD_RUNPATH_SEARCH_PATHS = (
					"$(inherited)",
					"@executable_path/Frameworks",
				);
				PRODUCT_BUNDLE_IDENTIFIER = com.mertahmetgunes.resume;
				PRODUCT_NAME = "$(TARGET_NAME)";
				SWIFT_VERSION = 4.2;
				TARGETED_DEVICE_FAMILY = 1;
			};
			name = Debug;
		};
		0DADAEAC222AEE2E000C0FEA /* Release */ = {
			isa = XCBuildConfiguration;
			buildSettings = {
				ASSETCATALOG_COMPILER_APPICON_NAME = AppIcon;
				CODE_SIGN_STYLE = Automatic;
				DEVELOPMENT_TEAM = E6K2WVN974;
				INFOPLIST_FILE = "$(SRCROOT)/resume/Support/Info.plist";
				IPHONEOS_DEPLOYMENT_TARGET = 11.0;
				LD_RUNPATH_SEARCH_PATHS = (
					"$(inherited)",
					"@executable_path/Frameworks",
				);
				PRODUCT_BUNDLE_IDENTIFIER = com.mertahmetgunes.resume;
				PRODUCT_NAME = "$(TARGET_NAME)";
				SWIFT_VERSION = 4.2;
				TARGETED_DEVICE_FAMILY = 1;
			};
			name = Release;
		};
/* End XCBuildConfiguration section */

/* Begin XCConfigurationList section */
		0DADAE93222AEE2B000C0FEA /* Build configuration list for PBXProject "resume" */ = {
			isa = XCConfigurationList;
			buildConfigurations = (
				0DADAEA8222AEE2E000C0FEA /* Debug */,
				0DADAEA9222AEE2E000C0FEA /* Release */,
			);
			defaultConfigurationIsVisible = 0;
			defaultConfigurationName = Release;
		};
		0DADAEAA222AEE2E000C0FEA /* Build configuration list for PBXNativeTarget "resume" */ = {
			isa = XCConfigurationList;
			buildConfigurations = (
				0DADAEAB222AEE2E000C0FEA /* Debug */,
				0DADAEAC222AEE2E000C0FEA /* Release */,
			);
			defaultConfigurationIsVisible = 0;
			defaultConfigurationName = Release;
		};
/* End XCConfigurationList section */
	};
	rootObject = 0DADAE90222AEE2B000C0FEA /* Project object */;
}
